
Microsoft Visual Studio Solution File, Format Version 12.00
# Visual Studio Version 17
VisualStudioVersion = 17.5.33627.172
MinimumVisualStudioVersion = 10.0.40219.1
Project("{FAE04EC0-301F-11D3-BF4B-00C04F79EFBC}") = "CRUD-Project.Models", "CRUD-Project.Models\CRUD-Project.Models.csproj", "{DC9630CF-F9C1-4F9A-A5CA-27D43A0B56F7}"
EndProject
Project("{FAE04EC0-301F-11D3-BF4B-00C04F79EFBC}") = "CRUD-Project.DAL", "CRUD-Project.DAL\CRUD-Project.DAL.csproj", "{2DB2E5C7-239A-4108-9C58-821DCB82B9E6}"
EndProject
Project("{FAE04EC0-301F-11D3-BF4B-00C04F79EFBC}") = "CRUD-Project.BLL", "CRUD-Project.BLL\CRUD-Project.BLL.csproj", "{4BDA89CD-45C3-429A-BCCB-99516DA34A54}"
EndProject
Project("{FAE04EC0-301F-11D3-BF4B-00C04F79EFBC}") = "CRUD-Project.WebApplication", "CRUD-Project.WebApplication\CRUD-Project.WebApplication.csproj", "{26100D9E-7052-492B-AAB5-2150D0111F66}"
EndProject
Global
	GlobalSection(SolutionConfigurationPlatforms) = preSolution
		Debug|Any CPU = Debug|Any CPU
		Release|Any CPU = Release|Any CPU
	EndGlobalSection
	GlobalSection(ProjectConfigurationPlatforms) = postSolution
		{DC9630CF-F9C1-4F9A-A5CA-27D43A0B56F7}.Debug|Any CPU.ActiveCfg = Debug|Any CPU
		{DC9630CF-F9C1-4F9A-A5CA-27D43A0B56F7}.Debug|Any CPU.Build.0 = Debug|Any CPU
		{DC9630CF-F9C1-4F9A-A5CA-27D43A0B56F7}.Release|Any CPU.ActiveCfg = Release|Any CPU
		{DC9630CF-F9C1-4F9A-A5CA-27D43A0B56F7}.Release|Any CPU.Build.0 = Release|Any CPU
		{2DB2E5C7-239A-4108-9C58-821DCB82B9E6}.Debug|Any CPU.ActiveCfg = Debug|Any CPU
		{2DB2E5C7-239A-4108-9C58-821DCB82B9E6}.Debug|Any CPU.Build.0 = Debug|Any CPU
		{2DB2E5C7-239A-4108-9C58-821DCB82B9E6}.Release|Any CPU.ActiveCfg = Release|Any CPU
		{2DB2E5C7-239A-4108-9C58-821DCB82B9E6}.Release|Any CPU.Build.0 = Release|Any CPU
		{4BDA89CD-45C3-429A-BCCB-99516DA34A54}.Debug|Any CPU.ActiveCfg = Debug|Any CPU
		{4BDA89CD-45C3-429A-BCCB-99516DA34A54}.Debug|Any CPU.Build.0 = Debug|Any CPU
		{4BDA89CD-45C3-429A-BCCB-99516DA34A54}.Release|Any CPU.ActiveCfg = Release|Any CPU
		{4BDA89CD-45C3-429A-BCCB-99516DA34A54}.Release|Any CPU.Build.0 = Release|Any CPU
		{26100D9E-7052-492B-AAB5-2150D0111F66}.Debug|Any CPU.ActiveCfg = Debug|Any CPU
		{26100D9E-7052-492B-AAB5-2150D0111F66}.Debug|Any CPU.Build.0 = Debug|Any CPU
		{26100D9E-7052-492B-AAB5-2150D0111F66}.Release|Any CPU.ActiveCfg = Release|Any CPU
		{26100D9E-7052-492B-AAB5-2150D0111F66}.Release|Any CPU.Build.0 = Release|Any CPU
	EndGlobalSection
	GlobalSection(SolutionProperties) = preSolution
		HideSolutionNode = FALSE
	EndGlobalSection
	GlobalSection(ExtensibilityGlobals) = postSolution
		SolutionGuid = {6B069B6E-AC2D-414B-85F7-3640219081B7}
	EndGlobalSection
EndGlobal
